
Microsoft Visual Studio Solution File, Format Version 12.00
# Visual Studio 15
VisualStudioVersion = 15.0.28307.421
MinimumVisualStudioVersion = 10.0.40219.1
Project("{FAE04EC0-301F-11D3-BF4B-00C04F79EFBC}") = "ZermeloFunction", "ZermeloFunction\ZermeloFunction.csproj", "{1A20227E-B03D-4733-872A-98FCE3989421}"
EndProject
Global
	GlobalSection(SolutionConfigurationPlatforms) = preSolution
		Debug|Any CPU = Debug|Any CPU
		Release|Any CPU = Release|Any CPU
	EndGlobalSection
	GlobalSection(ProjectConfigurationPlatforms) = postSolution
		{1A20227E-B03D-4733-872A-98FCE3989421}.Debug|Any CPU.ActiveCfg = Debug|Any CPU
		{1A20227E-B03D-4733-872A-98FCE3989421}.Debug|Any CPU.Build.0 = Debug|Any CPU
		{1A20227E-B03D-4733-872A-98FCE3989421}.Release|Any CPU.ActiveCfg = Release|Any CPU
		{1A20227E-B03D-4733-872A-98FCE3989421}.Release|Any CPU.Build.0 = Release|Any CPU
	EndGlobalSection
	GlobalSection(SolutionProperties) = preSolution
		HideSolutionNode = FALSE
	EndGlobalSection
	GlobalSection(ExtensibilityGlobals) = postSolution
		SolutionGuid = {2DB46F12-4FC9-45D2-B03E-772712696DFB}
	EndGlobalSection
EndGlobal
